
Microsoft Visual Studio Solution File, Format Version 12.00
# Visual Studio Version 17
VisualStudioVersion = 17.8.34330.188
MinimumVisualStudioVersion = 10.0.40219.1
Project("{FAE04EC0-301F-11D3-BF4B-00C04F79EFBC}") = "Qihoo.CloudEngine", "Qihoo.CloudEngine.csproj", "{FE1E3638-A092-44EF-96FE-7F52DEBBDAF0}"
EndProject
Global
	GlobalSection(SolutionConfigurationPlatforms) = preSolution
		Debug|Any CPU = Debug|Any CPU
		Release|Any CPU = Release|Any CPU
	EndGlobalSection
	GlobalSection(ProjectConfigurationPlatforms) = postSolution
		{FE1E3638-A092-44EF-96FE-7F52DEBBDAF0}.Debug|Any CPU.ActiveCfg = Debug|Any CPU
		{FE1E3638-A092-44EF-96FE-7F52DEBBDAF0}.Debug|Any CPU.Build.0 = Debug|Any CPU
		{FE1E3638-A092-44EF-96FE-7F52DEBBDAF0}.Release|Any CPU.ActiveCfg = Release|Any CPU
		{FE1E3638-A092-44EF-96FE-7F52DEBBDAF0}.Release|Any CPU.Build.0 = Release|Any CPU
	EndGlobalSection
	GlobalSection(SolutionProperties) = preSolution
		HideSolutionNode = FALSE
	EndGlobalSection
	GlobalSection(ExtensibilityGlobals) = postSolution
		SolutionGuid = {92ADCD18-4602-464E-AC19-B9A421754E38}
	EndGlobalSection
EndGlobal
